// !$*UTF8*$!
{
	archiveVersion = 1;
	classes = {
	};
	objectVersion = 50;
	objects = {

/* Begin PBXBuildFile section */
		3D868DC726D9D4E400C36475 /* AppDelegate.swift in Sources */ = {isa = PBXBuildFile; fileRef = 3D868DC626D9D4E400C36475 /* AppDelegate.swift */; };
		3D868DC926D9D4E400C36475 /* SceneDelegate.swift in Sources */ = {isa = PBXBuildFile; fileRef = 3D868DC826D9D4E400C36475 /* SceneDelegate.swift */; };
		3D868DCB26D9D4E400C36475 /* ViewController.swift in Sources */ = {isa = PBXBuildFile; fileRef = 3D868DCA26D9D4E400C36475 /* ViewController.swift */; };
		3D868DCE26D9D4E400C36475 /* Main.storyboard in Resources */ = {isa = PBXBuildFile; fileRef = 3D868DCC26D9D4E400C36475 /* Main.storyboard */; };
		3D868DD026D9D4EA00C36475 /* Assets.xcassets in Resources */ = {isa = PBXBuildFile; fileRef = 3D868DCF26D9D4EA00C36475 /* Assets.xcassets */; };
		3D868DD326D9D4EA00C36475 /* LaunchScreen.storyboard in Resources */ = {isa = PBXBuildFile; fileRef = 3D868DD126D9D4EA00C36475 /* LaunchScreen.storyboard */; };
/* End PBXBuildFile section */

/* Begin PBXFileReference section */
		3D868DC326D9D4E400C36475 /* Practica3Rbc.app */ = {isa = PBXFileReference; explicitFileType = wrapper.application; includeInIndex = 0; path = Practica3Rbc.app; sourceTree = BUILT_PRODUCTS_DIR; };
		3D868DC626D9D4E400C36475 /* AppDelegate.swift */ = {isa = PBXFileReference; lastKnownFileType = sourcecode.swift; path = AppDelegate.swift; sourceTree = "<group>"; };
		3D868DC826D9D4E400C36475 /* SceneDelegate.swift */ = {isa = PBXFileReference; lastKnownFileType = sourcecode.swift; path = SceneDelegate.swift; sourceTree = "<group>"; };
		3D868DCA26D9D4E400C36475 /* ViewController.swift */ = {isa = PBXFileReference; lastKnownFileType = sourcecode.swift; path = ViewController.swift; sourceTree = "<group>"; };
		3D868DCD26D9D4E400C36475 /* Base */ = {isa = PBXFileReference; lastKnownFileType = file.storyboard; name = Base; path = Base.lproj/Main.storyboard; sourceTree = "<group>"; };
		3D868DCF26D9D4EA00C36475 /* Assets.xcassets */ = {isa = PBXFileReference; lastKnownFileType = folder.assetcatalog; path = Assets.xcassets; sourceTree = "<group>"; };
		3D868DD226D9D4EA00C36475 /* Base */ = {isa = PBXFileReference; lastKnownFileType = file.storyboard; name = Base; path = Base.lproj/LaunchScreen.storyboard; sourceTree = "<group>"; };
		3D868DD426D9D4EA00C36475 /* Info.plist */ = {isa = PBXFileReference; lastKnownFileType = text.plist.xml; path = Info.plist; sourceTree = "<group>"; };
/* End PBXFileReference section */

/* Begin PBXFrameworksBuildPhase section */
		3D868DC026D9D4E400C36475 /* Frameworks */ = {
			isa = PBXFrameworksBuildPhase;
			buildActionMask = 2147483647;
			files = (
			);
			runOnlyForDeploymentPostprocessing = 0;
		};
/* End PBXFrameworksBuildPhase section */

/* Begin PBXGroup section */
		3D868DBA26D9D4E300C36475 = {
			isa = PBXGroup;
			children = (
				3D868DC526D9D4E400C36475 /* Practica3Rbc */,
				3D868DC426D9D4E400C36475 /* Products */,
			);
			sourceTree = "<group>";
		};
		3D868DC426D9D4E400C36475 /* Products */ = {
			isa = PBXGroup;
			children = (
				3D868DC326D9D4E400C36475 /* Practica3Rbc.app */,
			);
			name = Products;
			sourceTree = "<group>";
		};
		3D868DC526D9D4E400C36475 /* Practica3Rbc */ = {
			isa = PBXGroup;
			children = (
				3D868DC626D9D4E400C36475 /* AppDelegate.swift */,
				3D868DC826D9D4E400C36475 /* SceneDelegate.swift */,
				3D868DCA26D9D4E400C36475 /* ViewController.swift */,
				3D868DCC26D9D4E400C36475 /* Main.storyboard */,
				3D868DCF26D9D4EA00C36475 /* Assets.xcassets */,
				3D868DD126D9D4EA00C36475 /* LaunchScreen.storyboard */,
				3D868DD426D9D4EA00C36475 /* Info.plist */,
			);
			path = Practica3Rbc;
			sourceTree = "<group>";
		};
/* End PBXGroup section */

/* Begin PBXNativeTarget section */
		3D868DC226D9D4E400C36475 /* Practica3Rbc */ = {
			isa = PBXNativeTarget;
			buildConfigurationList = 3D868DD726D9D4EA00C36475 /* Build configuration list for PBXNativeTarget "Practica3Rbc" */;
			buildPhases = (
				3D868DBF26D9D4E400C36475 /* Sources */,
				3D868DC026D9D4E400C36475 /* Frameworks */,
				3D868DC126D9D4E400C36475 /* Resources */,
			);
			buildRules = (
			);
			dependencies = (
			);
			name = Practica3Rbc;
			productName = Practica3Rbc;
			productReference = 3D868DC326D9D4E400C36475 /* Practica3Rbc.app */;
			productType = "com.apple.product-type.application";
		};
/* End PBXNativeTarget section */

/* Begin PBXProject section */
		3D868DBB26D9D4E300C36475 /* Project object */ = {
			isa = PBXProject;
			attributes = {
				LastSwiftUpdateCheck = 1130;
				LastUpgradeCheck = 1130;
				ORGANIZATIONNAME = Alumno;
				TargetAttributes = {
					3D868DC226D9D4E400C36475 = {
						CreatedOnToolsVersion = 11.3.1;
					};
				};
			};
			buildConfigurationList = 3D868DBE26D9D4E300C36475 /* Build configuration list for PBXProject "Practica3Rbc" */;
			compatibilityVersion = "Xcode 9.3";
			developmentRegion = en;
			hasScannedForEncodings = 0;
			knownRegions = (
				en,
				Base,
			);
			mainGroup = 3D868DBA26D9D4E300C36475;
			productRefGroup = 3D868DC426D9D4E400C36475 /* Products */;
			projectDirPath = "";
			projectRoot = "";
			targets = (
				3D868DC226D9D4E400C36475 /* Practica3Rbc */,
			);
		};
/* End PBXProject section */

/* Begin PBXResourcesBuildPhase section */
		3D868DC126D9D4E400C36475 /* Resources */ = {
			isa = PBXResourcesBuildPhase;
			buildActionMask = 2147483647;
			files = (
				3D868DD326D9D4EA00C36475 /* LaunchScreen.storyboard in Resources */,
				3D868DD026D9D4EA00C36475 /* Assets.xcassets in Resources */,
				3D868DCE26D9D4E400C36475 /* Main.storyboard in Resources */,
			);
			runOnlyForDeploymentPostprocessing = 0;
		};
/* End PBXResourcesBuildPhase section */

/* Begin PBXSourcesBuildPhase section */
		3D868DBF26D9D4E400C36475 /* Sources */ = {
			isa = PBXSourcesBuildPhase;
			buildActionMask = 2147483647;
			files = (
				3D868DCB26D9D4E400C36475 /* ViewController.swift in Sources */,
				3D868DC726D9D4E400C36475 /* AppDelegate.swift in Sources */,
				3D868DC926D9D4E400C36475 /* SceneDelegate.swift in Sources */,
			);
			runOnlyForDeploymentPostprocessing = 0;
		};
/* End PBXSourcesBuildPhase section */

/* Begin PBXVariantGroup section */
		3D868DCC26D9D4E400C36475 /* Main.storyboard */ = {
			isa = PBXVariantGroup;
			children = (
				3D868DCD26D9D4E400C36475 /* Base */,
			);
			name = Main.storyboard;
			sourceTree = "<group>";
		};
		3D868DD126D9D4EA00C36475 /* LaunchScreen.storyboard */ = {
			isa = PBXVariantGroup;
			children = (
				3D868DD226D9D4EA00C36475 /* Base */,
			);
			name = LaunchScreen.storyboard;
			sourceTree = "<group>";
		};
/* End PBXVariantGroup section */

/* Begin XCBuildConfiguration section */
		3D868DD526D9D4EA00C36475 /* Debug */ = {
			isa = XCBuildConfiguration;
			buildSettings = {
				ALWAYS_SEARCH_USER_PATHS = NO;
				CLANG_ANALYZER_NONNULL = YES;
				CLANG_ANALYZER_NUMBER_OBJECT_CONVERSION = YES_AGGRESSIVE;
				CLANG_CXX_LANGUAGE_STANDARD = "gnu++14";
				CLANG_CXX_LIBRARY = "libc++";
				CLANG_ENABLE_MODULES = YES;
				CLANG_ENABLE_OBJC_ARC = YES;
				CLANG_ENABLE_OBJC_WEAK = YES;
				CLANG_WARN_BLOCK_CAPTURE_AUTORELEASING = YES;
				CLANG_WARN_BOOL_CONVERSION = YES;
				CLANG_WARN_COMMA = YES;
				CLANG_WARN_CONSTANT_CONVERSION = YES;
				CLANG_WARN_DEPRECATED_OBJC_IMPLEMENTATIONS = YES;
				CLANG_WARN_DIRECT_OBJC_ISA_USAGE = YES_ERROR;
				CLANG_WARN_DOCUMENTATION_COMMENTS = YES;
				CLANG_WARN_EMPTY_BODY = YES;
				CLANG_WARN_ENUM_CONVERSION = YES;
				CLANG_WARN_INFINITE_RECURSION = YES;
				CLANG_WARN_INT_CONVERSION = YES;
				CLANG_WARN_NON_LITERAL_NULL_CONVERSION = YES;
				CLANG_WARN_OBJC_IMPLICIT_RETAIN_SELF = YES;
				CLANG_WARN_OBJC_LITERAL_CONVERSION = YES;
				CLANG_WARN_OBJC_ROOT_CLASS = YES_ERROR;
				CLANG_WARN_RANGE_LOOP_ANALYSIS = YES;
				CLANG_WARN_STRICT_PROTOTYPES = YES;
				CLANG_WARN_SUSPICIOUS_MOVE = YES;
				CLANG_WARN_UNGUARDED_AVAILABILITY = YES_AGGRESSIVE;
				CLANG_WARN_UNREACHABLE_CODE = YES;
				CLANG_WARN__DUPLICATE_METHOD_MATCH = YES;
				COPY_PHASE_STRIP = NO;
				DEBUG_INFORMATION_FORMAT = dwarf;
				ENABLE_STRICT_OBJC_MSGSEND = YES;
				ENABLE_TESTABILITY = YES;
				GCC_C_LANGUAGE_STANDARD = gnu11;
				GCC_DYNAMIC_NO_PIC = NO;
				GCC_NO_COMMON_BLOCKS = YES;
				GCC_OPTIMIZATION_LEVEL = 0;
				GCC_PREPROCESSOR_DEFINITIONS = (
					"DEBUG=1",
					"$(inherited)",
				);
				GCC_WARN_64_TO_32_BIT_CONVERSION = YES;
				GCC_WARN_ABOUT_RETURN_TYPE = YES_ERROR;
				GCC_WARN_UNDECLARED_SELECTOR = YES;
				GCC_WARN_UNINITIALIZED_AUTOS = YES_AGGRESSIVE;
				GCC_WARN_UNUSED_FUNCTION = YES;
				GCC_WARN_UNUSED_VARIABLE = YES;
				IPHONEOS_DEPLOYMENT_TARGET = 13.2;
				MTL_ENABLE_DEBUG_INFO = INCLUDE_SOURCE;
				MTL_FAST_MATH = YES;
				ONLY_ACTIVE_ARCH = YES;
				SDKROOT = iphoneos;
				SWIFT_ACTIVE_COMPILATION_CONDITIONS = DEBUG;
				SWIFT_OPTIMIZATION_LEVEL = "-Onone";
			};
			name = Debug;
		};
		3D868DD626D9D4EA00C36475 /* Release */ = {
			isa = XCBuildConfiguration;
			buildSettings = {
				ALWAYS_SEARCH_USER_PATHS = NO;
				CLANG_ANALYZER_NONNULL = YES;
				CLANG_ANALYZER_NUMBER_OBJECT_CONVERSION = YES_AGGRESSIVE;
				CLANG_CXX_LANGUAGE_STANDARD = "gnu++14";
				CLANG_CXX_LIBRARY = "libc++";
				CLANG_ENABLE_MODULES = YES;
				CLANG_ENABLE_OBJC_ARC = YES;
				CLANG_ENABLE_OBJC_WEAK = YES;
				CLANG_WARN_BLOCK_CAPTURE_AUTORELEASING = YES;
				CLANG_WARN_BOOL_CONVERSION = YES;
				CLANG_WARN_COMMA = YES;
				CLANG_WARN_CONSTANT_CONVERSION = YES;
				CLANG_WARN_DEPRECATED_OBJC_IMPLEMENTATIONS = YES;
				CLANG_WARN_DIRECT_OBJC_ISA_USAGE = YES_ERROR;
				CLANG_WARN_DOCUMENTATION_COMMENTS = YES;
				CLANG_WARN_EMPTY_BODY = YES;
				CLANG_WARN_ENUM_CONVERSION = YES;
				CLANG_WARN_INFINITE_RECURSION = YES;
				CLANG_WARN_INT_CONVERSION = YES;
				CLANG_WARN_NON_LITERAL_NULL_CONVERSION = YES;
				CLANG_WARN_OBJC_IMPLICIT_RETAIN_SELF = YES;
				CLANG_WARN_OBJC_LITERAL_CONVERSION = YES;
				CLANG_WARN_OBJC_ROOT_CLASS = YES_ERROR;
				CLANG_WARN_RANGE_LOOP_ANALYSIS = YES;
				CLANG_WARN_STRICT_PROTOTYPES = YES;
				CLANG_WARN_SUSPICIOUS_MOVE = YES;
				CLANG_WARN_UNGUARDED_AVAILABILITY = YES_AGGRESSIVE;
				CLANG_WARN_UNREACHABLE_CODE = YES;
				CLANG_WARN__DUPLICATE_METHOD_MATCH = YES;
				COPY_PHASE_STRIP = NO;
				DEBUG_INFORMATION_FORMAT = "dwarf-with-dsym";
				ENABLE_NS_ASSERTIONS = NO;
				ENABLE_STRICT_OBJC_MSGSEND = YES;
				GCC_C_LANGUAGE_STANDARD = gnu11;
				GCC_NO_COMMON_BLOCKS = YES;
				GCC_WARN_64_TO_32_BIT_CONVERSION = YES;
				GCC_WARN_ABOUT_RETURN_TYPE = YES_ERROR;
				GCC_WARN_UNDECLARED_SELECTOR = YES;
				GCC_WARN_UNINITIALIZED_AUTOS = YES_AGGRESSIVE;
				GCC_WARN_UNUSED_FUNCTION = YES;
				GCC_WARN_UNUSED_VARIABLE = YES;
				IPHONEOS_DEPLOYMENT_TARGET = 13.2;
				MTL_ENABLE_DEBUG_INFO = NO;
				MTL_FAST_MATH = YES;
				SDKROOT = iphoneos;
				SWIFT_COMPILATION_MODE = wholemodule;
				SWIFT_OPTIMIZATION_LEVEL = "-O";
				VALIDATE_PRODUCT = YES;
			};
			name = Release;
		};
		3D868DD826D9D4EA00C36475 /* Debug */ = {
			isa = XCBuildConfiguration;
			buildSettings = {
				ASSETCATALOG_COMPILER_APPICON_NAME = AppIcon;
				CODE_SIGN_STYLE = Automatic;
				INFOPLIST_FILE = Practica3Rbc/Info.plist;
				LD_RUNPATH_SEARCH_PATHS = (
					"$(inherited)",
					"@executable_path/Frameworks",
				);
				PRODUCT_BUNDLE_IDENTIFIER = edu.ulsa.Practica3Rbc;
				PRODUCT_NAME = "$(TARGET_NAME)";
				SWIFT_VERSION = 5.0;
				TARGETED_DEVICE_FAMILY = "1,2";
			};
			name = Debug;
		};
		3D868DD926D9D4EA00C36475 /* Release */ = {
			isa = XCBuildConfiguration;
			buildSettings = {
				ASSETCATALOG_COMPILER_APPICON_NAME = AppIcon;
				CODE_SIGN_STYLE = Automatic;
				INFOPLIST_FILE = Practica3Rbc/Info.plist;
				LD_RUNPATH_SEARCH_PATHS = (
					"$(inherited)",
					"@executable_path/Frameworks",
				);
				PRODUCT_BUNDLE_IDENTIFIER = edu.ulsa.Practica3Rbc;
				PRODUCT_NAME = "$(TARGET_NAME)";
				SWIFT_VERSION = 5.0;
				TARGETED_DEVICE_FAMILY = "1,2";
			};
			name = Release;
		};
/* End XCBuildConfiguration section */

/* Begin XCConfigurationList section */
		3D868DBE26D9D4E300C36475 /* Build configuration list for PBXProject "Practica3Rbc" */ = {
			isa = XCConfigurationList;
			buildConfigurations = (
				3D868DD526D9D4EA00C36475 /* Debug */,
				3D868DD626D9D4EA00C36475 /* Release */,
			);
			defaultConfigurationIsVisible = 0;
			defaultConfigurationName = Release;
		};
		3D868DD726D9D4EA00C36475 /* Build configuration list for PBXNativeTarget "Practica3Rbc" */ = {
			isa = XCConfigurationList;
			buildConfigurations = (
				3D868DD826D9D4EA00C36475 /* Debug */,
				3D868DD926D9D4EA00C36475 /* Release */,
			);
			defaultConfigurationIsVisible = 0;
			defaultConfigurationName = Release;
		};
/* End XCConfigurationList section */
	};
	rootObject = 3D868DBB26D9D4E300C36475 /* Project object */;
}
